
Microsoft Visual Studio Solution File, Format Version 12.00
# Visual Studio Version 16
VisualStudioVersion = 16.0.29613.14
MinimumVisualStudioVersion = 10.0.40219.1
Project("{FAE04EC0-301F-11D3-BF4B-00C04F79EFBC}") = "react_calculator", "react_calculator\react_calculator.csproj", "{DECB48BE-75EB-48ED-B962-26584839493F}"
EndProject
Global
	GlobalSection(SolutionConfigurationPlatforms) = preSolution
		Debug|Any CPU = Debug|Any CPU
		Release|Any CPU = Release|Any CPU
	EndGlobalSection
	GlobalSection(ProjectConfigurationPlatforms) = postSolution
		{DECB48BE-75EB-48ED-B962-26584839493F}.Debug|Any CPU.ActiveCfg = Debug|Any CPU
		{DECB48BE-75EB-48ED-B962-26584839493F}.Debug|Any CPU.Build.0 = Debug|Any CPU
		{DECB48BE-75EB-48ED-B962-26584839493F}.Release|Any CPU.ActiveCfg = Release|Any CPU
		{DECB48BE-75EB-48ED-B962-26584839493F}.Release|Any CPU.Build.0 = Release|Any CPU
	EndGlobalSection
	GlobalSection(SolutionProperties) = preSolution
		HideSolutionNode = FALSE
	EndGlobalSection
	GlobalSection(ExtensibilityGlobals) = postSolution
		SolutionGuid = {390701AB-CCB1-40DB-9C57-7B14975E9206}
	EndGlobalSection
EndGlobal
